// !$*UTF8*$!
{
	archiveVersion = 1;
	classes = {
	};
	objectVersion = 46;
	objects = {

/* Begin PBXBuildFile section */
		1CA8ACEFAD6F9C9503F99BC3 /* libPods-BSBDJ.a in Frameworks */ = {isa = PBXBuildFile; fileRef = 59B8E9C6C7AF15A724B0A6AE /* libPods-BSBDJ.a */; };
		F905FA4D1DF726BE00D9EE8E /* AFHTTPSessionManager+KZPManager.m in Sources */ = {isa = PBXBuildFile; fileRef = F905FA4C1DF726BE00D9EE8E /* AFHTTPSessionManager+KZPManager.m */; };
		F905FA501DF7285900D9EE8E /* KZPADItem.m in Sources */ = {isa = PBXBuildFile; fileRef = F905FA4F1DF7285900D9EE8E /* KZPADItem.m */; };
		F93C5E611DF7E3E300456F97 /* KZPADController.m in Sources */ = {isa = PBXBuildFile; fileRef = F93C5E601DF7E3E300456F97 /* KZPADController.m */; };
		F94BC3C31DF3D6B90037B478 /* main.m in Sources */ = {isa = PBXBuildFile; fileRef = F94BC3C21DF3D6B90037B478 /* main.m */; };
		F94BC3C61DF3D6B90037B478 /* AppDelegate.m in Sources */ = {isa = PBXBuildFile; fileRef = F94BC3C51DF3D6B90037B478 /* AppDelegate.m */; };
		F94BC3CC1DF3D6B90037B478 /* Main.storyboard in Resources */ = {isa = PBXBuildFile; fileRef = F94BC3CA1DF3D6B90037B478 /* Main.storyboard */; };
		F94BC3F61DF3D8D10037B478 /* KZPMainController.m in Sources */ = {isa = PBXBuildFile; fileRef = F94BC3F51DF3D8D10037B478 /* KZPMainController.m */; };
		F94BC3F91DF3D8FE0037B478 /* KZPEssenceController.m in Sources */ = {isa = PBXBuildFile; fileRef = F94BC3F81DF3D8FE0037B478 /* KZPEssenceController.m */; };
		F94BC3FC1DF3D91D0037B478 /* KZPFriendTrendsController.m in Sources */ = {isa = PBXBuildFile; fileRef = F94BC3FB1DF3D91D0037B478 /* KZPFriendTrendsController.m */; };
		F94BC3FF1DF3D9370037B478 /* KZPPublishController.m in Sources */ = {isa = PBXBuildFile; fileRef = F94BC3FE1DF3D9370037B478 /* KZPPublishController.m */; };
		F94BC4021DF3D95E0037B478 /* KZPMeController.m in Sources */ = {isa = PBXBuildFile; fileRef = F94BC4011DF3D95E0037B478 /* KZPMeController.m */; };
		F94BC4051DF3D97C0037B478 /* KZPNewController.m in Sources */ = {isa = PBXBuildFile; fileRef = F94BC4041DF3D97C0037B478 /* KZPNewController.m */; };
		F94BC40C1DF3E5EA0037B478 /* LaunchScreen.storyboard in Resources */ = {isa = PBXBuildFile; fileRef = F94BC40A1DF3E5EA0037B478 /* LaunchScreen.storyboard */; };
		F94BC40E1DF3E7440037B478 /* Assets.xcassets in Resources */ = {isa = PBXBuildFile; fileRef = F94BC40D1DF3E7440037B478 /* Assets.xcassets */; };
		F94BC4111DF3E9AA0037B478 /* UIImage+Render.m in Sources */ = {isa = PBXBuildFile; fileRef = F94BC4101DF3E9AA0037B478 /* UIImage+Render.m */; };
		F94BC4171DF44B040037B478 /* UIColor+RandomColor.m in Sources */ = {isa = PBXBuildFile; fileRef = F94BC4161DF44B040037B478 /* UIColor+RandomColor.m */; };
		F94BC41A1DF456A60037B478 /* KZPNavController.m in Sources */ = {isa = PBXBuildFile; fileRef = F94BC4191DF456A60037B478 /* KZPNavController.m */; };
		F94BC4451DF558EE0037B478 /* UIBarButtonItem+KZPItem.m in Sources */ = {isa = PBXBuildFile; fileRef = F94BC4441DF558EE0037B478 /* UIBarButtonItem+KZPItem.m */; };
		F94BC44C1DF567A30037B478 /* KZPSettingController.m in Sources */ = {isa = PBXBuildFile; fileRef = F94BC44B1DF567A30037B478 /* KZPSettingController.m */; };
		F9A5E9231DF6E0DA004C7CE0 /* LaunchImage-568h@2x.png in Resources */ = {isa = PBXBuildFile; fileRef = F9A5E91C1DF6E0DA004C7CE0 /* LaunchImage-568h@2x.png */; };
		F9A5E9241DF6E0DA004C7CE0 /* LaunchImage-700-568h@2x.png in Resources */ = {isa = PBXBuildFile; fileRef = F9A5E91D1DF6E0DA004C7CE0 /* LaunchImage-700-568h@2x.png */; };
		F9A5E9251DF6E0DA004C7CE0 /* LaunchImage-700@2x.png in Resources */ = {isa = PBXBuildFile; fileRef = F9A5E91E1DF6E0DA004C7CE0 /* LaunchImage-700@2x.png */; };
		F9A5E9261DF6E0DA004C7CE0 /* LaunchImage-800-667h@2x.png in Resources */ = {isa = PBXBuildFile; fileRef = F9A5E91F1DF6E0DA004C7CE0 /* LaunchImage-800-667h@2x.png */; };
		F9A5E9271DF6E0DA004C7CE0 /* LaunchImage-800-Portrait-736h@3x.png in Resources */ = {isa = PBXBuildFile; fileRef = F9A5E9201DF6E0DA004C7CE0 /* LaunchImage-800-Portrait-736h@3x.png */; };
		F9A5E9281DF6E0DA004C7CE0 /* LaunchImage.png in Resources */ = {isa = PBXBuildFile; fileRef = F9A5E9211DF6E0DA004C7CE0 /* LaunchImage.png */; };
		F9A5E9291DF6E0DA004C7CE0 /* LaunchImage@2x.png in Resources */ = {isa = PBXBuildFile; fileRef = F9A5E9221DF6E0DA004C7CE0 /* LaunchImage@2x.png */; };
		F9A5E92E1DF6E117004C7CE0 /* KZPADController.xib in Resources */ = {isa = PBXBuildFile; fileRef = F9A5E92C1DF6E117004C7CE0 /* KZPADController.xib */; };
		F9D5139D1DF5D7B9003BD029 /* KZPNavBar.m in Sources */ = {isa = PBXBuildFile; fileRef = F9D5139C1DF5D7B9003BD029 /* KZPNavBar.m */; };
		F9D513A01DF5D974003BD029 /* KZPBackView.m in Sources */ = {isa = PBXBuildFile; fileRef = F9D5139F1DF5D974003BD029 /* KZPBackView.m */; };
		F9D513A31DF5E129003BD029 /* UIView+frame.m in Sources */ = {isa = PBXBuildFile; fileRef = F9D513A21DF5E129003BD029 /* UIView+frame.m */; };
/* End PBXBuildFile section */

/* Begin PBXFileReference section */
		59B8E9C6C7AF15A724B0A6AE /* libPods-BSBDJ.a */ = {isa = PBXFileReference; explicitFileType = archive.ar; includeInIndex = 0; path = "libPods-BSBDJ.a"; sourceTree = BUILT_PRODUCTS_DIR; };
		E5D731AE744B43470C5DDB6C /* Pods-BSBDJ.release.xcconfig */ = {isa = PBXFileReference; includeInIndex = 1; lastKnownFileType = text.xcconfig; name = "Pods-BSBDJ.release.xcconfig"; path = "Pods/Target Support Files/Pods-BSBDJ/Pods-BSBDJ.release.xcconfig"; sourceTree = "<group>"; };
		F08513D13DB38449D587F446 /* Pods-BSBDJ.debug.xcconfig */ = {isa = PBXFileReference; includeInIndex = 1; lastKnownFileType = text.xcconfig; name = "Pods-BSBDJ.debug.xcconfig"; path = "Pods/Target Support Files/Pods-BSBDJ/Pods-BSBDJ.debug.xcconfig"; sourceTree = "<group>"; };
		F905FA4B1DF726BE00D9EE8E /* AFHTTPSessionManager+KZPManager.h */ = {isa = PBXFileReference; fileEncoding = 4; lastKnownFileType = sourcecode.c.h; path = "AFHTTPSessionManager+KZPManager.h"; sourceTree = "<group>"; };
		F905FA4C1DF726BE00D9EE8E /* AFHTTPSessionManager+KZPManager.m */ = {isa = PBXFileReference; fileEncoding = 4; lastKnownFileType = sourcecode.c.objc; path = "AFHTTPSessionManager+KZPManager.m"; sourceTree = "<group>"; };
		F905FA4E1DF7285900D9EE8E /* KZPADItem.h */ = {isa = PBXFileReference; fileEncoding = 4; lastKnownFileType = sourcecode.c.h; path = KZPADItem.h; sourceTree = "<group>"; };
		F905FA4F1DF7285900D9EE8E /* KZPADItem.m */ = {isa = PBXFileReference; fileEncoding = 4; lastKnownFileType = sourcecode.c.objc; path = KZPADItem.m; sourceTree = "<group>"; };
		F93C5E5F1DF7E3E300456F97 /* KZPADController.h */ = {isa = PBXFileReference; fileEncoding = 4; lastKnownFileType = sourcecode.c.h; path = KZPADController.h; sourceTree = "<group>"; };
		F93C5E601DF7E3E300456F97 /* KZPADController.m */ = {isa = PBXFileReference; fileEncoding = 4; lastKnownFileType = sourcecode.c.objc; path = KZPADController.m; sourceTree = "<group>"; };
		F94BC3BE1DF3D6B90037B478 /* BSBDJ.app */ = {isa = PBXFileReference; explicitFileType = wrapper.application; includeInIndex = 0; path = BSBDJ.app; sourceTree = BUILT_PRODUCTS_DIR; };
		F94BC3C21DF3D6B90037B478 /* main.m */ = {isa = PBXFileReference; lastKnownFileType = sourcecode.c.objc; path = main.m; sourceTree = "<group>"; };
		F94BC3C41DF3D6B90037B478 /* AppDelegate.h */ = {isa = PBXFileReference; lastKnownFileType = sourcecode.c.h; path = AppDelegate.h; sourceTree = "<group>"; };
		F94BC3C51DF3D6B90037B478 /* AppDelegate.m */ = {isa = PBXFileReference; lastKnownFileType = sourcecode.c.objc; path = AppDelegate.m; sourceTree = "<group>"; };
		F94BC3CB1DF3D6B90037B478 /* Base */ = {isa = PBXFileReference; lastKnownFileType = file.storyboard; name = Base; path = Base.lproj/Main.storyboard; sourceTree = "<group>"; };
		F94BC3D21DF3D6B90037B478 /* Info.plist */ = {isa = PBXFileReference; lastKnownFileType = text.plist.xml; path = Info.plist; sourceTree = "<group>"; };
		F94BC3F41DF3D8D10037B478 /* KZPMainController.h */ = {isa = PBXFileReference; fileEncoding = 4; lastKnownFileType = sourcecode.c.h; path = KZPMainController.h; sourceTree = "<group>"; };
		F94BC3F51DF3D8D10037B478 /* KZPMainController.m */ = {isa = PBXFileReference; fileEncoding = 4; lastKnownFileType = sourcecode.c.objc; path = KZPMainController.m; sourceTree = "<group>"; };
		F94BC3F71DF3D8FE0037B478 /* KZPEssenceController.h */ = {isa = PBXFileReference; fileEncoding = 4; lastKnownFileType = sourcecode.c.h; name = KZPEssenceController.h; path = BSBDJ/Class/Essence/KZPEssenceController.h; sourceTree = SOURCE_ROOT; };
		F94BC3F81DF3D8FE0037B478 /* KZPEssenceController.m */ = {isa = PBXFileReference; fileEncoding = 4; lastKnownFileType = sourcecode.c.objc; name = KZPEssenceController.m; path = BSBDJ/Class/Essence/KZPEssenceController.m; sourceTree = SOURCE_ROOT; };
		F94BC3FA1DF3D91D0037B478 /* KZPFriendTrendsController.h */ = {isa = PBXFileReference; fileEncoding = 4; lastKnownFileType = sourcecode.c.h; path = KZPFriendTrendsController.h; sourceTree = "<group>"; };
		F94BC3FB1DF3D91D0037B478 /* KZPFriendTrendsController.m */ = {isa = PBXFileReference; fileEncoding = 4; lastKnownFileType = sourcecode.c.objc; path = KZPFriendTrendsController.m; sourceTree = "<group>"; };
		F94BC3FD1DF3D9370037B478 /* KZPPublishController.h */ = {isa = PBXFileReference; fileEncoding = 4; lastKnownFileType = sourcecode.c.h; path = KZPPublishController.h; sourceTree = "<group>"; };
		F94BC3FE1DF3D9370037B478 /* KZPPublishController.m */ = {isa = PBXFileReference; fileEncoding = 4; lastKnownFileType = sourcecode.c.objc; path = KZPPublishController.m; sourceTree = "<group>"; };
		F94BC4001DF3D95E0037B478 /* KZPMeController.h */ = {isa = PBXFileReference; fileEncoding = 4; lastKnownFileType = sourcecode.c.h; path = KZPMeController.h; sourceTree = "<group>"; };
		F94BC4011DF3D95E0037B478 /* KZPMeController.m */ = {isa = PBXFileReference; fileEncoding = 4; lastKnownFileType = sourcecode.c.objc; path = KZPMeController.m; sourceTree = "<group>"; };
		F94BC4031DF3D97C0037B478 /* KZPNewController.h */ = {isa = PBXFileReference; fileEncoding = 4; lastKnownFileType = sourcecode.c.h; path = KZPNewController.h; sourceTree = "<group>"; };
		F94BC4041DF3D97C0037B478 /* KZPNewController.m */ = {isa = PBXFileReference; fileEncoding = 4; lastKnownFileType = sourcecode.c.objc; path = KZPNewController.m; sourceTree = "<group>"; };
		F94BC40B1DF3E5EA0037B478 /* Base */ = {isa = PBXFileReference; lastKnownFileType = file.storyboard; name = Base; path = Base.lproj/LaunchScreen.storyboard; sourceTree = "<group>"; };
		F94BC40D1DF3E7440037B478 /* Assets.xcassets */ = {isa = PBXFileReference; lastKnownFileType = folder.assetcatalog; path = Assets.xcassets; sourceTree = "<group>"; };
		F94BC40F1DF3E9AA0037B478 /* UIImage+Render.h */ = {isa = PBXFileReference; fileEncoding = 4; lastKnownFileType = sourcecode.c.h; path = "UIImage+Render.h"; sourceTree = "<group>"; };
		F94BC4101DF3E9AA0037B478 /* UIImage+Render.m */ = {isa = PBXFileReference; fileEncoding = 4; lastKnownFileType = sourcecode.c.objc; path = "UIImage+Render.m"; sourceTree = "<group>"; };
		F94BC4151DF44B040037B478 /* UIColor+RandomColor.h */ = {isa = PBXFileReference; fileEncoding = 4; lastKnownFileType = sourcecode.c.h; path = "UIColor+RandomColor.h"; sourceTree = "<group>"; };
		F94BC4161DF44B040037B478 /* UIColor+RandomColor.m */ = {isa = PBXFileReference; fileEncoding = 4; lastKnownFileType = sourcecode.c.objc; path = "UIColor+RandomColor.m"; sourceTree = "<group>"; };
		F94BC4181DF456A60037B478 /* KZPNavController.h */ = {isa = PBXFileReference; fileEncoding = 4; lastKnownFileType = sourcecode.c.h; path = KZPNavController.h; sourceTree = "<group>"; };
		F94BC4191DF456A60037B478 /* KZPNavController.m */ = {isa = PBXFileReference; fileEncoding = 4; lastKnownFileType = sourcecode.c.objc; path = KZPNavController.m; sourceTree = "<group>"; };
		F94BC4421DF505E20037B478 /* BSBDJ.pch */ = {isa = PBXFileReference; lastKnownFileType = sourcecode.c.h; path = BSBDJ.pch; sourceTree = "<group>"; };
		F94BC4431DF558EE0037B478 /* UIBarButtonItem+KZPItem.h */ = {isa = PBXFileReference; fileEncoding = 4; lastKnownFileType = sourcecode.c.h; path = "UIBarButtonItem+KZPItem.h"; sourceTree = "<group>"; };
		F94BC4441DF558EE0037B478 /* UIBarButtonItem+KZPItem.m */ = {isa = PBXFileReference; fileEncoding = 4; lastKnownFileType = sourcecode.c.objc; path = "UIBarButtonItem+KZPItem.m"; sourceTree = "<group>"; };
		F94BC44A1DF567A30037B478 /* KZPSettingController.h */ = {isa = PBXFileReference; fileEncoding = 4; lastKnownFileType = sourcecode.c.h; path = KZPSettingController.h; sourceTree = "<group>"; };
		F94BC44B1DF567A30037B478 /* KZPSettingController.m */ = {isa = PBXFileReference; fileEncoding = 4; lastKnownFileType = sourcecode.c.objc; path = KZPSettingController.m; sourceTree = "<group>"; };
		F9A5E91C1DF6E0DA004C7CE0 /* LaunchImage-568h@2x.png */ = {isa = PBXFileReference; lastKnownFileType = image.png; path = "LaunchImage-568h@2x.png"; sourceTree = "<group>"; };
		F9A5E91D1DF6E0DA004C7CE0 /* LaunchImage-700-568h@2x.png */ = {isa = PBXFileReference; lastKnownFileType = image.png; path = "LaunchImage-700-568h@2x.png"; sourceTree = "<group>"; };
		F9A5E91E1DF6E0DA004C7CE0 /* LaunchImage-700@2x.png */ = {isa = PBXFileReference; lastKnownFileType = image.png; path = "LaunchImage-700@2x.png"; sourceTree = "<group>"; };
		F9A5E91F1DF6E0DA004C7CE0 /* LaunchImage-800-667h@2x.png */ = {isa = PBXFileReference; lastKnownFileType = image.png; path = "LaunchImage-800-667h@2x.png"; sourceTree = "<group>"; };
		F9A5E9201DF6E0DA004C7CE0 /* LaunchImage-800-Portrait-736h@3x.png */ = {isa = PBXFileReference; lastKnownFileType = image.png; path = "LaunchImage-800-Portrait-736h@3x.png"; sourceTree = "<group>"; };
		F9A5E9211DF6E0DA004C7CE0 /* LaunchImage.png */ = {isa = PBXFileReference; lastKnownFileType = image.png; path = LaunchImage.png; sourceTree = "<group>"; };
		F9A5E9221DF6E0DA004C7CE0 /* LaunchImage@2x.png */ = {isa = PBXFileReference; lastKnownFileType = image.png; path = "LaunchImage@2x.png"; sourceTree = "<group>"; };
		F9A5E92C1DF6E117004C7CE0 /* KZPADController.xib */ = {isa = PBXFileReference; fileEncoding = 4; lastKnownFileType = file.xib; path = KZPADController.xib; sourceTree = "<group>"; };
		F9D5139B1DF5D7B9003BD029 /* KZPNavBar.h */ = {isa = PBXFileReference; fileEncoding = 4; lastKnownFileType = sourcecode.c.h; path = KZPNavBar.h; sourceTree = "<group>"; };
		F9D5139C1DF5D7B9003BD029 /* KZPNavBar.m */ = {isa = PBXFileReference; fileEncoding = 4; lastKnownFileType = sourcecode.c.objc; path = KZPNavBar.m; sourceTree = "<group>"; };
		F9D5139E1DF5D974003BD029 /* KZPBackView.h */ = {isa = PBXFileReference; fileEncoding = 4; lastKnownFileType = sourcecode.c.h; path = KZPBackView.h; sourceTree = "<group>"; };
		F9D5139F1DF5D974003BD029 /* KZPBackView.m */ = {isa = PBXFileReference; fileEncoding = 4; lastKnownFileType = sourcecode.c.objc; path = KZPBackView.m; sourceTree = "<group>"; };
		F9D513A11DF5E129003BD029 /* UIView+frame.h */ = {isa = PBXFileReference; fileEncoding = 4; lastKnownFileType = sourcecode.c.h; path = "UIView+frame.h"; sourceTree = "<group>"; };
		F9D513A21DF5E129003BD029 /* UIView+frame.m */ = {isa = PBXFileReference; fileEncoding = 4; lastKnownFileType = sourcecode.c.objc; path = "UIView+frame.m"; sourceTree = "<group>"; };
/* End PBXFileReference section */

/* Begin PBXFrameworksBuildPhase section */
		F94BC3BB1DF3D6B90037B478 /* Frameworks */ = {
			isa = PBXFrameworksBuildPhase;
			buildActionMask = 2147483647;
			files = (
				1CA8ACEFAD6F9C9503F99BC3 /* libPods-BSBDJ.a in Frameworks */,
			);
			runOnlyForDeploymentPostprocessing = 0;
		};
/* End PBXFrameworksBuildPhase section */

/* Begin PBXGroup section */
		136FB85854A6484CAFAB4FD8 /* Frameworks */ = {
			isa = PBXGroup;
			children = (
				59B8E9C6C7AF15A724B0A6AE /* libPods-BSBDJ.a */,
			);
			name = Frameworks;
			sourceTree = "<group>";
		};
		C49517B07DF6E7CB726F10DA /* Pods */ = {
			isa = PBXGroup;
			children = (
				F08513D13DB38449D587F446 /* Pods-BSBDJ.debug.xcconfig */,
				E5D731AE744B43470C5DDB6C /* Pods-BSBDJ.release.xcconfig */,
			);
			name = Pods;
			sourceTree = "<group>";
		};
		F94BC3B51DF3D6B90037B478 = {
			isa = PBXGroup;
			children = (
				F94BC3C01DF3D6B90037B478 /* BSBDJ */,
				F94BC3BF1DF3D6B90037B478 /* Products */,
				C49517B07DF6E7CB726F10DA /* Pods */,
				136FB85854A6484CAFAB4FD8 /* Frameworks */,
			);
			sourceTree = "<group>";
		};
		F94BC3BF1DF3D6B90037B478 /* Products */ = {
			isa = PBXGroup;
			children = (
				F94BC3BE1DF3D6B90037B478 /* BSBDJ.app */,
			);
			name = Products;
			sourceTree = "<group>";
		};
		F94BC3C01DF3D6B90037B478 /* BSBDJ */ = {
			isa = PBXGroup;
			children = (
				F94BC3D81DF3D85F0037B478 /* Class */,
				F94BC3C41DF3D6B90037B478 /* AppDelegate.h */,
				F94BC3C51DF3D6B90037B478 /* AppDelegate.m */,
				F94BC40D1DF3E7440037B478 /* Assets.xcassets */,
				F94BC40A1DF3E5EA0037B478 /* LaunchScreen.storyboard */,
				F94BC3CA1DF3D6B90037B478 /* Main.storyboard */,
				F94BC3D21DF3D6B90037B478 /* Info.plist */,
				F94BC4421DF505E20037B478 /* BSBDJ.pch */,
				F94BC3C11DF3D6B90037B478 /* Supporting Files */,
			);
			path = BSBDJ;
			sourceTree = "<group>";
		};
		F94BC3C11DF3D6B90037B478 /* Supporting Files */ = {
			isa = PBXGroup;
			children = (
				F9A5E91B1DF6E0DA004C7CE0 /* 启动图片 */,
				F94BC3C21DF3D6B90037B478 /* main.m */,
			);
			name = "Supporting Files";
			sourceTree = "<group>";
		};
		F94BC3D81DF3D85F0037B478 /* Class */ = {
			isa = PBXGroup;
			children = (
				F9A5E9171DF6E084004C7CE0 /* AD */,
				F94BC3E11DF3D85F0037B478 /* Main */,
				F94BC3D91DF3D85F0037B478 /* Essence */,
				F94BC3E91DF3D85F0037B478 /* New */,
				F94BC3F01DF3D85F0037B478 /* Publish */,
				F94BC3DD1DF3D85F0037B478 /* FriendTrends */,
				F94BC3E51DF3D85F0037B478 /* Me */,
				F94BC4461DF567410037B478 /* Setting */,
				F94BC3ED1DF3D85F0037B478 /* Other */,
			);
			path = Class;
			sourceTree = "<group>";
		};
		F94BC3D91DF3D85F0037B478 /* Essence */ = {
			isa = PBXGroup;
			children = (
				F94BC3DA1DF3D85F0037B478 /* Controller */,
				F94BC3DB1DF3D85F0037B478 /* Model */,
				F94BC3DC1DF3D85F0037B478 /* View */,
			);
			path = Essence;
			sourceTree = "<group>";
		};
		F94BC3DA1DF3D85F0037B478 /* Controller */ = {
			isa = PBXGroup;
			children = (
				F94BC3F71DF3D8FE0037B478 /* KZPEssenceController.h */,
				F94BC3F81DF3D8FE0037B478 /* KZPEssenceController.m */,
			);
			path = Controller;
			sourceTree = "<group>";
		};
		F94BC3DB1DF3D85F0037B478 /* Model */ = {
			isa = PBXGroup;
			children = (
			);
			path = Model;
			sourceTree = "<group>";
		};
		F94BC3DC1DF3D85F0037B478 /* View */ = {
			isa = PBXGroup;
			children = (
			);
			path = View;
			sourceTree = "<group>";
		};
		F94BC3DD1DF3D85F0037B478 /* FriendTrends */ = {
			isa = PBXGroup;
			children = (
				F94BC3DE1DF3D85F0037B478 /* Controller */,
				F94BC3DF1DF3D85F0037B478 /* Model */,
				F94BC3E01DF3D85F0037B478 /* View */,
			);
			path = FriendTrends;
			sourceTree = "<group>";
		};
		F94BC3DE1DF3D85F0037B478 /* Controller */ = {
			isa = PBXGroup;
			children = (
				F94BC3FA1DF3D91D0037B478 /* KZPFriendTrendsController.h */,
				F94BC3FB1DF3D91D0037B478 /* KZPFriendTrendsController.m */,
			);
			path = Controller;
			sourceTree = "<group>";
		};
		F94BC3DF1DF3D85F0037B478 /* Model */ = {
			isa = PBXGroup;
			children = (
			);
			path = Model;
			sourceTree = "<group>";
		};
		F94BC3E01DF3D85F0037B478 /* View */ = {
			isa = PBXGroup;
			children = (
			);
			path = View;
			sourceTree = "<group>";
		};
		F94BC3E11DF3D85F0037B478 /* Main */ = {
			isa = PBXGroup;
			children = (
				F94BC3E21DF3D85F0037B478 /* Controller */,
				F94BC3E31DF3D85F0037B478 /* Model */,
				F94BC3E41DF3D85F0037B478 /* View */,
			);
			path = Main;
			sourceTree = "<group>";
		};
		F94BC3E21DF3D85F0037B478 /* Controller */ = {
			isa = PBXGroup;
			children = (
				F94BC3F41DF3D8D10037B478 /* KZPMainController.h */,
				F94BC3F51DF3D8D10037B478 /* KZPMainController.m */,
				F94BC4181DF456A60037B478 /* KZPNavController.h */,
				F94BC4191DF456A60037B478 /* KZPNavController.m */,
			);
			path = Controller;
			sourceTree = "<group>";
		};
		F94BC3E31DF3D85F0037B478 /* Model */ = {
			isa = PBXGroup;
			children = (
			);
			path = Model;
			sourceTree = "<group>";
		};
		F94BC3E41DF3D85F0037B478 /* View */ = {
			isa = PBXGroup;
			children = (
			);
			path = View;
			sourceTree = "<group>";
		};
		F94BC3E51DF3D85F0037B478 /* Me */ = {
			isa = PBXGroup;
			children = (
				F94BC3E61DF3D85F0037B478 /* Controller */,
				F94BC3E71DF3D85F0037B478 /* Model */,
				F94BC3E81DF3D85F0037B478 /* View */,
			);
			path = Me;
			sourceTree = "<group>";
		};
		F94BC3E61DF3D85F0037B478 /* Controller */ = {
			isa = PBXGroup;
			children = (
				F94BC4001DF3D95E0037B478 /* KZPMeController.h */,
				F94BC4011DF3D95E0037B478 /* KZPMeController.m */,
			);
			path = Controller;
			sourceTree = "<group>";
		};
		F94BC3E71DF3D85F0037B478 /* Model */ = {
			isa = PBXGroup;
			children = (
			);
			path = Model;
			sourceTree = "<group>";
		};
		F94BC3E81DF3D85F0037B478 /* View */ = {
			isa = PBXGroup;
			children = (
			);
			path = View;
			sourceTree = "<group>";
		};
		F94BC3E91DF3D85F0037B478 /* New */ = {
			isa = PBXGroup;
			children = (
				F94BC3EA1DF3D85F0037B478 /* Controller */,
				F94BC3EB1DF3D85F0037B478 /* Model */,
				F94BC3EC1DF3D85F0037B478 /* View */,
			);
			path = New;
			sourceTree = "<group>";
		};
		F94BC3EA1DF3D85F0037B478 /* Controller */ = {
			isa = PBXGroup;
			children = (
				F94BC4031DF3D97C0037B478 /* KZPNewController.h */,
				F94BC4041DF3D97C0037B478 /* KZPNewController.m */,
			);
			path = Controller;
			sourceTree = "<group>";
		};
		F94BC3EB1DF3D85F0037B478 /* Model */ = {
			isa = PBXGroup;
			children = (
			);
			path = Model;
			sourceTree = "<group>";
		};
		F94BC3EC1DF3D85F0037B478 /* View */ = {
			isa = PBXGroup;
			children = (
			);
			path = View;
			sourceTree = "<group>";
		};
		F94BC3ED1DF3D85F0037B478 /* Other */ = {
			isa = PBXGroup;
			children = (
				F9D513981DF5D762003BD029 /* Controller */,
				F9D513991DF5D762003BD029 /* Model */,
				F9D5139A1DF5D762003BD029 /* View */,
				F94BC3EE1DF3D85F0037B478 /* Category */,
				F94BC3EF1DF3D85F0037B478 /* FrameWork */,
			);
			path = Other;
			sourceTree = "<group>";
		};
		F94BC3EE1DF3D85F0037B478 /* Category */ = {
			isa = PBXGroup;
			children = (
				F9D513A11DF5E129003BD029 /* UIView+frame.h */,
				F9D513A21DF5E129003BD029 /* UIView+frame.m */,
				F94BC40F1DF3E9AA0037B478 /* UIImage+Render.h */,
				F94BC4101DF3E9AA0037B478 /* UIImage+Render.m */,
				F94BC4151DF44B040037B478 /* UIColor+RandomColor.h */,
				F94BC4161DF44B040037B478 /* UIColor+RandomColor.m */,
				F94BC4431DF558EE0037B478 /* UIBarButtonItem+KZPItem.h */,
				F94BC4441DF558EE0037B478 /* UIBarButtonItem+KZPItem.m */,
				F905FA4B1DF726BE00D9EE8E /* AFHTTPSessionManager+KZPManager.h */,
				F905FA4C1DF726BE00D9EE8E /* AFHTTPSessionManager+KZPManager.m */,
			);
			path = Category;
			sourceTree = "<group>";
		};
		F94BC3EF1DF3D85F0037B478 /* FrameWork */ = {
			isa = PBXGroup;
			children = (
			);
			path = FrameWork;
			sourceTree = "<group>";
		};
		F94BC3F01DF3D85F0037B478 /* Publish */ = {
			isa = PBXGroup;
			children = (
				F94BC3F11DF3D85F0037B478 /* Controller */,
				F94BC3F21DF3D85F0037B478 /* Model */,
				F94BC3F31DF3D85F0037B478 /* View */,
			);
			path = Publish;
			sourceTree = "<group>";
		};
		F94BC3F11DF3D85F0037B478 /* Controller */ = {
			isa = PBXGroup;
			children = (
				F94BC3FD1DF3D9370037B478 /* KZPPublishController.h */,
				F94BC3FE1DF3D9370037B478 /* KZPPublishController.m */,
			);
			path = Controller;
			sourceTree = "<group>";
		};
		F94BC3F21DF3D85F0037B478 /* Model */ = {
			isa = PBXGroup;
			children = (
			);
			path = Model;
			sourceTree = "<group>";
		};
		F94BC3F31DF3D85F0037B478 /* View */ = {
			isa = PBXGroup;
			children = (
			);
			path = View;
			sourceTree = "<group>";
		};
		F94BC4461DF567410037B478 /* Setting */ = {
			isa = PBXGroup;
			children = (
				F94BC4471DF567410037B478 /* Controller */,
				F94BC4481DF567410037B478 /* Model */,
				F94BC4491DF567410037B478 /* View */,
			);
			path = Setting;
			sourceTree = "<group>";
		};
		F94BC4471DF567410037B478 /* Controller */ = {
			isa = PBXGroup;
			children = (
				F94BC44A1DF567A30037B478 /* KZPSettingController.h */,
				F94BC44B1DF567A30037B478 /* KZPSettingController.m */,
			);
			path = Controller;
			sourceTree = "<group>";
		};
		F94BC4481DF567410037B478 /* Model */ = {
			isa = PBXGroup;
			children = (
			);
			path = Model;
			sourceTree = "<group>";
		};
		F94BC4491DF567410037B478 /* View */ = {
			isa = PBXGroup;
			children = (
			);
			path = View;
			sourceTree = "<group>";
		};
		F9A5E9171DF6E084004C7CE0 /* AD */ = {
			isa = PBXGroup;
			children = (
				F9A5E9181DF6E084004C7CE0 /* Controller */,
				F9A5E9191DF6E084004C7CE0 /* Model */,
				F9A5E91A1DF6E084004C7CE0 /* View */,
			);
			path = AD;
			sourceTree = "<group>";
		};
		F9A5E9181DF6E084004C7CE0 /* Controller */ = {
			isa = PBXGroup;
			children = (
				F93C5E5F1DF7E3E300456F97 /* KZPADController.h */,
				F93C5E601DF7E3E300456F97 /* KZPADController.m */,
				F9A5E92C1DF6E117004C7CE0 /* KZPADController.xib */,
			);
			path = Controller;
			sourceTree = "<group>";
		};
		F9A5E9191DF6E084004C7CE0 /* Model */ = {
			isa = PBXGroup;
			children = (
				F905FA4E1DF7285900D9EE8E /* KZPADItem.h */,
				F905FA4F1DF7285900D9EE8E /* KZPADItem.m */,
			);
			path = Model;
			sourceTree = "<group>";
		};
		F9A5E91A1DF6E084004C7CE0 /* View */ = {
			isa = PBXGroup;
			children = (
			);
			path = View;
			sourceTree = "<group>";
		};
		F9A5E91B1DF6E0DA004C7CE0 /* 启动图片 */ = {
			isa = PBXGroup;
			children = (
				F9A5E91C1DF6E0DA004C7CE0 /* LaunchImage-568h@2x.png */,
				F9A5E91D1DF6E0DA004C7CE0 /* LaunchImage-700-568h@2x.png */,
				F9A5E91E1DF6E0DA004C7CE0 /* LaunchImage-700@2x.png */,
				F9A5E91F1DF6E0DA004C7CE0 /* LaunchImage-800-667h@2x.png */,
				F9A5E9201DF6E0DA004C7CE0 /* LaunchImage-800-Portrait-736h@3x.png */,
				F9A5E9211DF6E0DA004C7CE0 /* LaunchImage.png */,
				F9A5E9221DF6E0DA004C7CE0 /* LaunchImage@2x.png */,
			);
			path = "启动图片";
			sourceTree = "<group>";
		};
		F9D513981DF5D762003BD029 /* Controller */ = {
			isa = PBXGroup;
			children = (
				F9D5139B1DF5D7B9003BD029 /* KZPNavBar.h */,
				F9D5139C1DF5D7B9003BD029 /* KZPNavBar.m */,
				F9D5139E1DF5D974003BD029 /* KZPBackView.h */,
				F9D5139F1DF5D974003BD029 /* KZPBackView.m */,
			);
			path = Controller;
			sourceTree = "<group>";
		};
		F9D513991DF5D762003BD029 /* Model */ = {
			isa = PBXGroup;
			children = (
			);
			path = Model;
			sourceTree = "<group>";
		};
		F9D5139A1DF5D762003BD029 /* View */ = {
			isa = PBXGroup;
			children = (
			);
			path = View;
			sourceTree = "<group>";
		};
/* End PBXGroup section */

/* Begin PBXNativeTarget section */
		F94BC3BD1DF3D6B90037B478 /* BSBDJ */ = {
			isa = PBXNativeTarget;
			buildConfigurationList = F94BC3D51DF3D6B90037B478 /* Build configuration list for PBXNativeTarget "BSBDJ" */;
			buildPhases = (
				D047F710AF215599C23653A1 /* [CP] Check Pods Manifest.lock */,
				F94BC3BA1DF3D6B90037B478 /* Sources */,
				F94BC3BB1DF3D6B90037B478 /* Frameworks */,
				F94BC3BC1DF3D6B90037B478 /* Resources */,
				C7994F3AD3E219BF266493B9 /* [CP] Embed Pods Frameworks */,
				EA8F8939B928DFCE75939CA0 /* [CP] Copy Pods Resources */,
			);
			buildRules = (
			);
			dependencies = (
			);
			name = BSBDJ;
			productName = BSBDJ;
			productReference = F94BC3BE1DF3D6B90037B478 /* BSBDJ.app */;
			productType = "com.apple.product-type.application";
		};
/* End PBXNativeTarget section */

/* Begin PBXProject section */
		F94BC3B61DF3D6B90037B478 /* Project object */ = {
			isa = PBXProject;
			attributes = {
				CLASSPREFIX = KZP;
				LastUpgradeCheck = 0810;
				ORGANIZATIONNAME = "khalil ";
				TargetAttributes = {
					F94BC3BD1DF3D6B90037B478 = {
						CreatedOnToolsVersion = 8.1;
						DevelopmentTeam = C2QY9Q2TP8;
						ProvisioningStyle = Automatic;
					};
				};
			};
			buildConfigurationList = F94BC3B91DF3D6B90037B478 /* Build configuration list for PBXProject "BSBDJ" */;
			compatibilityVersion = "Xcode 3.2";
			developmentRegion = English;
			hasScannedForEncodings = 0;
			knownRegions = (
				en,
				Base,
			);
			mainGroup = F94BC3B51DF3D6B90037B478;
			productRefGroup = F94BC3BF1DF3D6B90037B478 /* Products */;
			projectDirPath = "";
			projectRoot = "";
			targets = (
				F94BC3BD1DF3D6B90037B478 /* BSBDJ */,
			);
		};
/* End PBXProject section */

/* Begin PBXResourcesBuildPhase section */
		F94BC3BC1DF3D6B90037B478 /* Resources */ = {
			isa = PBXResourcesBuildPhase;
			buildActionMask = 2147483647;
			files = (
				F94BC40C1DF3E5EA0037B478 /* LaunchScreen.storyboard in Resources */,
				F9A5E9241DF6E0DA004C7CE0 /* LaunchImage-700-568h@2x.png in Resources */,
				F9A5E92E1DF6E117004C7CE0 /* KZPADController.xib in Resources */,
				F9A5E9281DF6E0DA004C7CE0 /* LaunchImage.png in Resources */,
				F94BC40E1DF3E7440037B478 /* Assets.xcassets in Resources */,
				F9A5E9251DF6E0DA004C7CE0 /* LaunchImage-700@2x.png in Resources */,
				F9A5E9271DF6E0DA004C7CE0 /* LaunchImage-800-Portrait-736h@3x.png in Resources */,
				F9A5E9231DF6E0DA004C7CE0 /* LaunchImage-568h@2x.png in Resources */,
				F9A5E9261DF6E0DA004C7CE0 /* LaunchImage-800-667h@2x.png in Resources */,
				F94BC3CC1DF3D6B90037B478 /* Main.storyboard in Resources */,
				F9A5E9291DF6E0DA004C7CE0 /* LaunchImage@2x.png in Resources */,
			);
			runOnlyForDeploymentPostprocessing = 0;
		};
/* End PBXResourcesBuildPhase section */

/* Begin PBXShellScriptBuildPhase section */
		C7994F3AD3E219BF266493B9 /* [CP] Embed Pods Frameworks */ = {
			isa = PBXShellScriptBuildPhase;
			buildActionMask = 2147483647;
			files = (
			);
			inputPaths = (
			);
			name = "[CP] Embed Pods Frameworks";
			outputPaths = (
			);
			runOnlyForDeploymentPostprocessing = 0;
			shellPath = /bin/sh;
			shellScript = "\"${SRCROOT}/Pods/Target Support Files/Pods-BSBDJ/Pods-BSBDJ-frameworks.sh\"\n";
			showEnvVarsInLog = 0;
		};
		D047F710AF215599C23653A1 /* [CP] Check Pods Manifest.lock */ = {
			isa = PBXShellScriptBuildPhase;
			buildActionMask = 2147483647;
			files = (
			);
			inputPaths = (
			);
			name = "[CP] Check Pods Manifest.lock";
			outputPaths = (
			);
			runOnlyForDeploymentPostprocessing = 0;
			shellPath = /bin/sh;
			shellScript = "diff \"${PODS_ROOT}/../Podfile.lock\" \"${PODS_ROOT}/Manifest.lock\" > /dev/null\nif [ $? != 0 ] ; then\n    # print error to STDERR\n    echo \"error: The sandbox is not in sync with the Podfile.lock. Run 'pod install' or update your CocoaPods installation.\" >&2\n    exit 1\nfi\n";
			showEnvVarsInLog = 0;
		};
		EA8F8939B928DFCE75939CA0 /* [CP] Copy Pods Resources */ = {
			isa = PBXShellScriptBuildPhase;
			buildActionMask = 2147483647;
			files = (
			);
			inputPaths = (
			);
			name = "[CP] Copy Pods Resources";
			outputPaths = (
			);
			runOnlyForDeploymentPostprocessing = 0;
			shellPath = /bin/sh;
			shellScript = "\"${SRCROOT}/Pods/Target Support Files/Pods-BSBDJ/Pods-BSBDJ-resources.sh\"\n";
			showEnvVarsInLog = 0;
		};
/* End PBXShellScriptBuildPhase section */

/* Begin PBXSourcesBuildPhase section */
		F94BC3BA1DF3D6B90037B478 /* Sources */ = {
			isa = PBXSourcesBuildPhase;
			buildActionMask = 2147483647;
			files = (
				F94BC4051DF3D97C0037B478 /* KZPNewController.m in Sources */,
				F94BC4111DF3E9AA0037B478 /* UIImage+Render.m in Sources */,
				F94BC3F91DF3D8FE0037B478 /* KZPEssenceController.m in Sources */,
				F94BC4021DF3D95E0037B478 /* KZPMeController.m in Sources */,
				F94BC41A1DF456A60037B478 /* KZPNavController.m in Sources */,
				F94BC3FF1DF3D9370037B478 /* KZPPublishController.m in Sources */,
				F9D513A01DF5D974003BD029 /* KZPBackView.m in Sources */,
				F94BC3F61DF3D8D10037B478 /* KZPMainController.m in Sources */,
				F9D513A31DF5E129003BD029 /* UIView+frame.m in Sources */,
				F94BC4171DF44B040037B478 /* UIColor+RandomColor.m in Sources */,
				F94BC4451DF558EE0037B478 /* UIBarButtonItem+KZPItem.m in Sources */,
				F94BC3C61DF3D6B90037B478 /* AppDelegate.m in Sources */,
				F93C5E611DF7E3E300456F97 /* KZPADController.m in Sources */,
				F94BC44C1DF567A30037B478 /* KZPSettingController.m in Sources */,
				F905FA501DF7285900D9EE8E /* KZPADItem.m in Sources */,
				F94BC3FC1DF3D91D0037B478 /* KZPFriendTrendsController.m in Sources */,
				F94BC3C31DF3D6B90037B478 /* main.m in Sources */,
				F9D5139D1DF5D7B9003BD029 /* KZPNavBar.m in Sources */,
				F905FA4D1DF726BE00D9EE8E /* AFHTTPSessionManager+KZPManager.m in Sources */,
			);
			runOnlyForDeploymentPostprocessing = 0;
		};
/* End PBXSourcesBuildPhase section */

/* Begin PBXVariantGroup section */
		F94BC3CA1DF3D6B90037B478 /* Main.storyboard */ = {
			isa = PBXVariantGroup;
			children = (
				F94BC3CB1DF3D6B90037B478 /* Base */,
			);
			name = Main.storyboard;
			sourceTree = "<group>";
		};
		F94BC40A1DF3E5EA0037B478 /* LaunchScreen.storyboard */ = {
			isa = PBXVariantGroup;
			children = (
				F94BC40B1DF3E5EA0037B478 /* Base */,
			);
			name = LaunchScreen.storyboard;
			sourceTree = "<group>";
		};
/* End PBXVariantGroup section */

/* Begin XCBuildConfiguration section */
		F94BC3D31DF3D6B90037B478 /* Debug */ = {
			isa = XCBuildConfiguration;
			buildSettings = {
				ALWAYS_SEARCH_USER_PATHS = NO;
				CLANG_ANALYZER_NONNULL = YES;
				CLANG_CXX_LANGUAGE_STANDARD = "gnu++0x";
				CLANG_CXX_LIBRARY = "libc++";
				CLANG_ENABLE_MODULES = YES;
				CLANG_ENABLE_OBJC_ARC = YES;
				CLANG_WARN_BOOL_CONVERSION = YES;
				CLANG_WARN_CONSTANT_CONVERSION = YES;
				CLANG_WARN_DIRECT_OBJC_ISA_USAGE = YES_ERROR;
				CLANG_WARN_DOCUMENTATION_COMMENTS = YES;
				CLANG_WARN_EMPTY_BODY = YES;
				CLANG_WARN_ENUM_CONVERSION = YES;
				CLANG_WARN_INFINITE_RECURSION = YES;
				CLANG_WARN_INT_CONVERSION = YES;
				CLANG_WARN_OBJC_ROOT_CLASS = YES_ERROR;
				CLANG_WARN_SUSPICIOUS_MOVE = YES;
				CLANG_WARN_SUSPICIOUS_MOVES = YES;
				CLANG_WARN_UNREACHABLE_CODE = YES;
				CLANG_WARN__DUPLICATE_METHOD_MATCH = YES;
				"CODE_SIGN_IDENTITY[sdk=iphoneos*]" = "iPhone Developer";
				COPY_PHASE_STRIP = NO;
				DEBUG_INFORMATION_FORMAT = dwarf;
				ENABLE_STRICT_OBJC_MSGSEND = YES;
				ENABLE_TESTABILITY = YES;
				GCC_C_LANGUAGE_STANDARD = gnu99;
				GCC_DYNAMIC_NO_PIC = NO;
				GCC_NO_COMMON_BLOCKS = YES;
				GCC_OPTIMIZATION_LEVEL = 0;
				GCC_PREPROCESSOR_DEFINITIONS = (
					"DEBUG=1",
					"$(inherited)",
				);
				GCC_WARN_64_TO_32_BIT_CONVERSION = YES;
				GCC_WARN_ABOUT_RETURN_TYPE = YES_ERROR;
				GCC_WARN_UNDECLARED_SELECTOR = YES;
				GCC_WARN_UNINITIALIZED_AUTOS = YES_AGGRESSIVE;
				GCC_WARN_UNUSED_FUNCTION = YES;
				GCC_WARN_UNUSED_VARIABLE = YES;
				IPHONEOS_DEPLOYMENT_TARGET = 9.0;
				MTL_ENABLE_DEBUG_INFO = YES;
				ONLY_ACTIVE_ARCH = YES;
				SDKROOT = iphoneos;
			};
			name = Debug;
		};
		F94BC3D41DF3D6B90037B478 /* Release */ = {
			isa = XCBuildConfiguration;
			buildSettings = {
				ALWAYS_SEARCH_USER_PATHS = NO;
				CLANG_ANALYZER_NONNULL = YES;
				CLANG_CXX_LANGUAGE_STANDARD = "gnu++0x";
				CLANG_CXX_LIBRARY = "libc++";
				CLANG_ENABLE_MODULES = YES;
				CLANG_ENABLE_OBJC_ARC = YES;
				CLANG_WARN_BOOL_CONVERSION = YES;
				CLANG_WARN_CONSTANT_CONVERSION = YES;
				CLANG_WARN_DIRECT_OBJC_ISA_USAGE = YES_ERROR;
				CLANG_WARN_DOCUMENTATION_COMMENTS = YES;
				CLANG_WARN_EMPTY_BODY = YES;
				CLANG_WARN_ENUM_CONVERSION = YES;
				CLANG_WARN_INFINITE_RECURSION = YES;
				CLANG_WARN_INT_CONVERSION = YES;
				CLANG_WARN_OBJC_ROOT_CLASS = YES_ERROR;
				CLANG_WARN_SUSPICIOUS_MOVE = YES;
				CLANG_WARN_SUSPICIOUS_MOVES = YES;
				CLANG_WARN_UNREACHABLE_CODE = YES;
				CLANG_WARN__DUPLICATE_METHOD_MATCH = YES;
				"CODE_SIGN_IDENTITY[sdk=iphoneos*]" = "iPhone Developer";
				COPY_PHASE_STRIP = NO;
				DEBUG_INFORMATION_FORMAT = "dwarf-with-dsym";
				ENABLE_NS_ASSERTIONS = NO;
				ENABLE_STRICT_OBJC_MSGSEND = YES;
				GCC_C_LANGUAGE_STANDARD = gnu99;
				GCC_NO_COMMON_BLOCKS = YES;
				GCC_WARN_64_TO_32_BIT_CONVERSION = YES;
				GCC_WARN_ABOUT_RETURN_TYPE = YES_ERROR;
				GCC_WARN_UNDECLARED_SELECTOR = YES;
				GCC_WARN_UNINITIALIZED_AUTOS = YES_AGGRESSIVE;
				GCC_WARN_UNUSED_FUNCTION = YES;
				GCC_WARN_UNUSED_VARIABLE = YES;
				IPHONEOS_DEPLOYMENT_TARGET = 9.0;
				MTL_ENABLE_DEBUG_INFO = NO;
				SDKROOT = iphoneos;
				VALIDATE_PRODUCT = YES;
			};
			name = Release;
		};
		F94BC3D61DF3D6B90037B478 /* Debug */ = {
			isa = XCBuildConfiguration;
			baseConfigurationReference = F08513D13DB38449D587F446 /* Pods-BSBDJ.debug.xcconfig */;
			buildSettings = {
				ASSETCATALOG_COMPILER_APPICON_NAME = AppIcon;
				ASSETCATALOG_COMPILER_LAUNCHIMAGE_NAME = LaunchImage;
				DEVELOPMENT_TEAM = C2QY9Q2TP8;
				GCC_PREFIX_HEADER = BSBDJ/BSBDJ.pch;
				INFOPLIST_FILE = BSBDJ/Info.plist;
				LD_RUNPATH_SEARCH_PATHS = "$(inherited) @executable_path/Frameworks";
				PRODUCT_BUNDLE_IDENTIFIER = com.khalil.BSBDJ;
				PRODUCT_NAME = "$(TARGET_NAME)";
			};
			name = Debug;
		};
		F94BC3D71DF3D6B90037B478 /* Release */ = {
			isa = XCBuildConfiguration;
			baseConfigurationReference = E5D731AE744B43470C5DDB6C /* Pods-BSBDJ.release.xcconfig */;
			buildSettings = {
				ASSETCATALOG_COMPILER_APPICON_NAME = AppIcon;
				ASSETCATALOG_COMPILER_LAUNCHIMAGE_NAME = LaunchImage;
				DEVELOPMENT_TEAM = C2QY9Q2TP8;
				GCC_PREFIX_HEADER = BSBDJ/BSBDJ.pch;
				INFOPLIST_FILE = BSBDJ/Info.plist;
				LD_RUNPATH_SEARCH_PATHS = "$(inherited) @executable_path/Frameworks";
				PRODUCT_BUNDLE_IDENTIFIER = com.khalil.BSBDJ;
				PRODUCT_NAME = "$(TARGET_NAME)";
			};
			name = Release;
		};
/* End XCBuildConfiguration section */

/* Begin XCConfigurationList section */
		F94BC3B91DF3D6B90037B478 /* Build configuration list for PBXProject "BSBDJ" */ = {
			isa = XCConfigurationList;
			buildConfigurations = (
				F94BC3D31DF3D6B90037B478 /* Debug */,
				F94BC3D41DF3D6B90037B478 /* Release */,
			);
			defaultConfigurationIsVisible = 0;
			defaultConfigurationName = Release;
		};
		F94BC3D51DF3D6B90037B478 /* Build configuration list for PBXNativeTarget "BSBDJ" */ = {
			isa = XCConfigurationList;
			buildConfigurations = (
				F94BC3D61DF3D6B90037B478 /* Debug */,
				F94BC3D71DF3D6B90037B478 /* Release */,
			);
			defaultConfigurationIsVisible = 0;
			defaultConfigurationName = Release;
		};
/* End XCConfigurationList section */
	};
	rootObject = F94BC3B61DF3D6B90037B478 /* Project object */;
}
